
Microsoft Visual Studio Solution File, Format Version 12.00
# Visual Studio Version 17
VisualStudioVersion = 17.4.33103.184
MinimumVisualStudioVersion = 10.0.40219.1
Project("{9A19103F-16F7-4668-BE54-9A1E7A4F7556}") = "Beis.RegisterYourInterest", "Beis.RegisterYourInterest\Beis.RegisterYourInterest.csproj", "{EBB86D92-610D-4B7F-B659-A5BB8C039F27}"
EndProject
Global
	GlobalSection(SolutionConfigurationPlatforms) = preSolution
		Debug|Any CPU = Debug|Any CPU
		Release|Any CPU = Release|Any CPU
	EndGlobalSection
	GlobalSection(ProjectConfigurationPlatforms) = postSolution
		{EBB86D92-610D-4B7F-B659-A5BB8C039F27}.Debug|Any CPU.ActiveCfg = Debug|Any CPU
		{EBB86D92-610D-4B7F-B659-A5BB8C039F27}.Debug|Any CPU.Build.0 = Debug|Any CPU
		{EBB86D92-610D-4B7F-B659-A5BB8C039F27}.Release|Any CPU.ActiveCfg = Release|Any CPU
		{EBB86D92-610D-4B7F-B659-A5BB8C039F27}.Release|Any CPU.Build.0 = Release|Any CPU
	EndGlobalSection
	GlobalSection(SolutionProperties) = preSolution
		HideSolutionNode = FALSE
	EndGlobalSection
	GlobalSection(ExtensibilityGlobals) = postSolution
		SolutionGuid = {176D51D2-D342-47D7-91C5-082C62750489}
	EndGlobalSection
EndGlobal
